{
    "name": "blex",
    "version": "1.0.0",
    "lockfileVersion": 3,
    "requires": true,
    "packages": {
        "": {
            "name": "blex",
            "version": "1.0.0",
            "hasInstallScript": true,
            "license": "ISC",
            "devDependencies": {
                "concurrently": "^10.0.3",
                "pnpm": "11.12.0"
            },
            "engines": {
                "node": "^22.22.2 || ^24.15.0 || >=26.0.0"
            }
        },
        "node_modules/@isaacs/fs-minipass": {
            "version": "4.0.1",
            "resolved": "https://registry.npmjs.org/@isaacs/fs-minipass/-/fs-minipass-4.0.1.tgz",
            "integrity": "sha512-wgm9Ehl2jpeqP3zw/7mo3kRHFp5MEDhqAdwy1fTGkHAwnkGOVsgpvQhL8B5n1qlb01jV3n/bI0ZfZp5lWA1k4w==",
            "dev": true,
            "license": "ISC",
            "dependencies": {
                "minipass": "^7.0.4"
            },
            "engines": {
                "node": ">=18.0.0"
            }
        },
        "node_modules/@reflink/reflink": {
            "version": "0.1.19",
            "resolved": "https://registry.npmjs.org/@reflink/reflink/-/reflink-0.1.19.tgz",
            "integrity": "sha512-DmCG8GzysnCZ15bres3N5AHCmwBwYgp0As6xjhQ47rAUTUXxJiK+lLUxaGsX3hd/30qUpVElh05PbGuxRPgJwA==",
            "dev": true,
            "license": "MIT",
            "engines": {
                "node": ">= 10"
            },
            "optionalDependencies": {
                "@reflink/reflink-darwin-arm64": "0.1.19",
                "@reflink/reflink-darwin-x64": "0.1.19",
                "@reflink/reflink-linux-arm64-gnu": "0.1.19",
                "@reflink/reflink-linux-arm64-musl": "0.1.19",
                "@reflink/reflink-linux-x64-gnu": "0.1.19",
                "@reflink/reflink-linux-x64-musl": "0.1.19",
                "@reflink/reflink-win32-arm64-msvc": "0.1.19",
                "@reflink/reflink-win32-x64-msvc": "0.1.19"
            }
        },
        "node_modules/@reflink/reflink-darwin-arm64": {
            "version": "0.1.19",
            "resolved": "https://registry.npmjs.org/@reflink/reflink-darwin-arm64/-/reflink-darwin-arm64-0.1.19.tgz",
            "integrity": "sha512-ruy44Lpepdk1FqDz38vExBY/PVUsjxZA+chd9wozjUH9JjuDT/HEaQYA6wYN9mf041l0yLVar6BCZuWABJvHSA==",
            "cpu": [
                "arm64"
            ],
            "dev": true,
            "license": "MIT",
            "optional": true,
            "os": [
                "darwin"
            ],
            "engines": {
                "node": ">= 10"
            }
        },
        "node_modules/@reflink/reflink-darwin-x64": {
            "version": "0.1.19",
            "resolved": "https://registry.npmjs.org/@reflink/reflink-darwin-x64/-/reflink-darwin-x64-0.1.19.tgz",
            "integrity": "sha512-By85MSWrMZa+c26TcnAy8SDk0sTUkYlNnwknSchkhHpGXOtjNDUOxJE9oByBnGbeuIE1PiQsxDG3Ud+IVV9yuA==",
            "cpu": [
                "x64"
            ],
            "dev": true,
            "license": "MIT",
            "optional": true,
            "os": [
                "darwin"
            ],
            "engines": {
                "node": ">= 10"
            }
        },
        "node_modules/@reflink/reflink-linux-arm64-gnu": {
            "version": "0.1.19",
            "resolved": "https://registry.npmjs.org/@reflink/reflink-linux-arm64-gnu/-/reflink-linux-arm64-gnu-0.1.19.tgz",
            "integrity": "sha512-7P+er8+rP9iNeN+bfmccM4hTAaLP6PQJPKWSA4iSk2bNvo6KU6RyPgYeHxXmzNKzPVRcypZQTpFgstHam6maVg==",
            "cpu": [
                "arm64"
            ],
            "dev": true,
            "license": "MIT",
            "optional": true,
            "os": [
                "linux"
            ],
            "engines": {
                "node": ">= 10"
            }
        },
        "node_modules/@reflink/reflink-linux-arm64-musl": {
            "version": "0.1.19",
            "resolved": "https://registry.npmjs.org/@reflink/reflink-linux-arm64-musl/-/reflink-linux-arm64-musl-0.1.19.tgz",
            "integrity": "sha512-37iO/Dp6m5DDaC2sf3zPtx/hl9FV3Xze4xoYidrxxS9bgP3S8ALroxRK6xBG/1TtfXKTvolvp+IjrUU6ujIGmA==",
            "cpu": [
                "arm64"
            ],
            "dev": true,
            "license": "MIT",
            "optional": true,
            "os": [
                "linux"
            ],
            "engines": {
                "node": ">= 10"
            }
        },
        "node_modules/@reflink/reflink-linux-x64-gnu": {
            "version": "0.1.19",
            "resolved": "https://registry.npmjs.org/@reflink/reflink-linux-x64-gnu/-/reflink-linux-x64-gnu-0.1.19.tgz",
            "integrity": "sha512-jbI8jvuYCaA3MVUdu8vLoLAFqC+iNMpiSuLbxlAgg7x3K5bsS8nOpTRnkLF7vISJ+rVR8W+7ThXlXlUQ93ulkw==",
            "cpu": [
                "x64"
            ],
            "dev": true,
            "license": "MIT",
            "optional": true,
            "os": [
                "linux"
            ],
            "engines": {
                "node": ">= 10"
            }
        },
        "node_modules/@reflink/reflink-linux-x64-musl": {
            "version": "0.1.19",
            "resolved": "https://registry.npmjs.org/@reflink/reflink-linux-x64-musl/-/reflink-linux-x64-musl-0.1.19.tgz",
            "integrity": "sha512-e9FBWDe+lv7QKAwtKOt6A2W/fyy/aEEfr0g6j/hWzvQcrzHCsz07BNQYlNOjTfeytrtLU7k449H1PI95jA4OjQ==",
            "cpu": [
                "x64"
            ],
            "dev": true,
            "license": "MIT",
            "optional": true,
            "os": [
                "linux"
            ],
            "engines": {
                "node": ">= 10"
            }
        },
        "node_modules/@reflink/reflink-win32-arm64-msvc": {
            "version": "0.1.19",
            "resolved": "https://registry.npmjs.org/@reflink/reflink-win32-arm64-msvc/-/reflink-win32-arm64-msvc-0.1.19.tgz",
            "integrity": "sha512-09PxnVIQcd+UOn4WAW73WU6PXL7DwGS6wPlkMhMg2zlHHG65F3vHepOw06HFCq+N42qkaNAc8AKIabWvtk6cIQ==",
            "cpu": [
                "arm64"
            ],
            "dev": true,
            "license": "MIT",
            "optional": true,
            "os": [
                "win32"
            ],
            "engines": {
                "node": ">= 10"
            }
        },
        "node_modules/@reflink/reflink-win32-x64-msvc": {
            "version": "0.1.19",
            "resolved": "https://registry.npmjs.org/@reflink/reflink-win32-x64-msvc/-/reflink-win32-x64-msvc-0.1.19.tgz",
            "integrity": "sha512-E//yT4ni2SyhwP8JRjVGWr3cbnhWDiPLgnQ66qqaanjjnMiu3O/2tjCPQXlcGc/DEYofpDc9fvhv6tALQsMV9w==",
            "cpu": [
                "x64"
            ],
            "dev": true,
            "license": "MIT",
            "optional": true,
            "os": [
                "win32"
            ],
            "engines": {
                "node": ">= 10"
            }
        },
        "node_modules/abbrev": {
            "version": "4.0.0",
            "resolved": "https://registry.npmjs.org/abbrev/-/abbrev-4.0.0.tgz",
            "integrity": "sha512-a1wflyaL0tHtJSmLSOVybYhy22vRih4eduhhrkcjgrWGnRfrZtovJ2FRjxuTtkkj47O/baf0R86QU5OuYpz8fA==",
            "dev": true,
            "license": "ISC",
            "engines": {
                "node": "^20.17.0 || >=22.9.0"
            }
        },
        "node_modules/ansi-regex": {
            "version": "6.2.2",
            "resolved": "https://registry.npmjs.org/ansi-regex/-/ansi-regex-6.2.2.tgz",
            "integrity": "sha512-Bq3SmSpyFHaWjPk8If9yc6svM8c56dB5BAtW4Qbw5jHTwwXXcTLoRMkpDJp6VL0XzlWaCHTXrkFURMYmD0sLqg==",
            "dev": true,
            "license": "MIT",
            "engines": {
                "node": ">=12"
            },
            "funding": {
                "url": "https://github.com/chalk/ansi-regex?sponsor=1"
            }
        },
        "node_modules/ansi-styles": {
            "version": "6.2.3",
            "resolved": "https://registry.npmjs.org/ansi-styles/-/ansi-styles-6.2.3.tgz",
            "integrity": "sha512-4Dj6M28JB+oAH8kFkTLUo+a2jwOFkuqb3yucU0CANcRRUbxS0cP0nZYCGjcc3BNXwRIsUVmDGgzawme7zvJHvg==",
            "dev": true,
            "license": "MIT",
            "engines": {
                "node": ">=12"
            },
            "funding": {
                "url": "https://github.com/chalk/ansi-styles?sponsor=1"
            }
        },
        "node_modules/chalk": {
            "version": "5.6.2",
            "resolved": "https://registry.npmjs.org/chalk/-/chalk-5.6.2.tgz",
            "integrity": "sha512-7NzBL0rN6fMUW+f7A6Io4h40qQlG+xGmtMxfbnH/K7TAtt8JQWVQK+6g0UXKMeVJoyV5EkkNsErQ8pVD3bLHbA==",
            "dev": true,
            "license": "MIT",
            "engines": {
                "node": "^12.17.0 || ^14.13 || >=16.0.0"
            },
            "funding": {
                "url": "https://github.com/chalk/chalk?sponsor=1"
            }
        },
        "node_modules/chownr": {
            "version": "3.0.0",
            "resolved": "https://registry.npmjs.org/chownr/-/chownr-3.0.0.tgz",
            "integrity": "sha512-+IxzY9BZOQd/XuYPRmrvEVjF/nqj5kgT4kEq7VofrDoM1MxoRjEWkrCC3EtLi59TVawxTAn+orJwFQcrqEN1+g==",
            "dev": true,
            "license": "BlueOak-1.0.0",
            "engines": {
                "node": ">=18"
            }
        },
        "node_modules/cliui": {
            "version": "9.0.1",
            "resolved": "https://registry.npmjs.org/cliui/-/cliui-9.0.1.tgz",
            "integrity": "sha512-k7ndgKhwoQveBL+/1tqGJYNz097I7WOvwbmmU2AR5+magtbjPWQTS1C5vzGkBC8Ym8UWRzfKUzUUqFLypY4Q+w==",
            "dev": true,
            "license": "ISC",
            "dependencies": {
                "string-width": "^7.2.0",
                "strip-ansi": "^7.1.0",
                "wrap-ansi": "^9.0.0"
            },
            "engines": {
                "node": ">=20"
            }
        },
        "node_modules/concurrently": {
            "version": "10.0.3",
            "resolved": "https://registry.npmjs.org/concurrently/-/concurrently-10.0.3.tgz",
            "integrity": "sha512-hc3LH4UaKWd/bbyDK/IGVa4RB6PtQ3CUYwtrkzqHn+wIG3Hr5fhpRlk0L/gCa8ZE1L/Ufj50Zho69cI5w8SQBA==",
            "dev": true,
            "license": "MIT",
            "dependencies": {
                "chalk": "5.6.2",
                "rxjs": "7.8.2",
                "shell-quote": "1.8.4",
                "supports-color": "10.2.2",
                "tree-kill": "1.2.2",
                "yargs": "18.0.0"
            },
            "bin": {
                "conc": "dist/bin/index.js",
                "concurrently": "dist/bin/index.js"
            },
            "engines": {
                "node": ">=22"
            },
            "funding": {
                "url": "https://github.com/open-cli-tools/concurrently?sponsor=1"
            }
        },
        "node_modules/emoji-regex": {
            "version": "10.6.0",
            "resolved": "https://registry.npmjs.org/emoji-regex/-/emoji-regex-10.6.0.tgz",
            "integrity": "sha512-toUI84YS5YmxW219erniWD0CIVOo46xGKColeNQRgOzDorgBi1v4D71/OFzgD9GO2UGKIv1C3Sp8DAn0+j5w7A==",
            "dev": true,
            "license": "MIT"
        },
        "node_modules/env-paths": {
            "version": "2.2.1",
            "resolved": "https://registry.npmjs.org/env-paths/-/env-paths-2.2.1.tgz",
            "integrity": "sha512-+h1lkLKhZMTYjog1VEpJNG7NZJWcuc2DDk/qsqSTRRCOXiLjeQ1d1/udrUGhqMxUgAlwKNZ0cf2uqan5GLuS2A==",
            "dev": true,
            "license": "MIT",
            "engines": {
                "node": ">=6"
            }
        },
        "node_modules/escalade": {
            "version": "3.2.0",
            "resolved": "https://registry.npmjs.org/escalade/-/escalade-3.2.0.tgz",
            "integrity": "sha512-WUj2qlxaQtO4g6Pq5c29GTcWGDyd8itL8zTlipgECz3JesAiiOKotd8JU6otB3PACgG6xkJUyVhboMS+bje/jA==",
            "dev": true,
            "license": "MIT",
            "engines": {
                "node": ">=6"
            }
        },
        "node_modules/exponential-backoff": {
            "version": "3.1.3",
            "resolved": "https://registry.npmjs.org/exponential-backoff/-/exponential-backoff-3.1.3.tgz",
            "integrity": "sha512-ZgEeZXj30q+I0EN+CbSSpIyPaJ5HVQD18Z1m+u1FXbAeT94mr1zw50q4q6jiiC447Nl/YTcIYSAftiGqetwXCA==",
            "dev": true,
            "license": "Apache-2.0"
        },
        "node_modules/fdir": {
            "version": "6.5.0",
            "resolved": "https://registry.npmjs.org/fdir/-/fdir-6.5.0.tgz",
            "integrity": "sha512-tIbYtZbucOs0BRGqPJkshJUYdL+SDH7dVM8gjy+ERp3WAUjLEFJE+02kanyHtwjWOnwrKYBiwAmM0p4kLJAnXg==",
            "dev": true,
            "license": "MIT",
            "engines": {
                "node": ">=12.0.0"
            },
            "peerDependencies": {
                "picomatch": "^3 || ^4"
            },
            "peerDependenciesMeta": {
                "picomatch": {
                    "optional": true
                }
            }
        },
        "node_modules/get-caller-file": {
            "version": "2.0.5",
            "resolved": "https://registry.npmjs.org/get-caller-file/-/get-caller-file-2.0.5.tgz",
            "integrity": "sha512-DyFP3BM/3YHTQOCUL/w0OZHR0lpKeGrxotcHWcqNEdnltqFwXVfhEBQ94eIo34AfQpo0rGki4cyIiftY06h2Fg==",
            "dev": true,
            "license": "ISC",
            "engines": {
                "node": "6.* || 8.* || >= 10.*"
            }
        },
        "node_modules/get-east-asian-width": {
            "version": "1.6.0",
            "resolved": "https://registry.npmjs.org/get-east-asian-width/-/get-east-asian-width-1.6.0.tgz",
            "integrity": "sha512-QRbvDIbx6YklUe6RxeTeleMR0yv3cYH6PsPZHcnVn7xv7zO1BHN8r0XETu8n6Ye3Q+ahtSarc3WgtNWmehIBfA==",
            "dev": true,
            "license": "MIT",
            "engines": {
                "node": ">=18"
            },
            "funding": {
                "url": "https://github.com/sponsors/sindresorhus"
            }
        },
        "node_modules/graceful-fs": {
            "version": "4.2.11",
            "resolved": "https://registry.npmjs.org/graceful-fs/-/graceful-fs-4.2.11.tgz",
            "integrity": "sha512-RbJ5/jmFcNNCcDV5o9eTnBLJ/HszWV0P73bc+Ff4nS/rJj+YaS6IGyiOL0VoBYX+l1Wrl3k63h/KrH+nhJ0XvQ==",
            "dev": true,
            "license": "ISC"
        },
        "node_modules/isexe": {
            "version": "4.0.0",
            "resolved": "https://registry.npmjs.org/isexe/-/isexe-4.0.0.tgz",
            "integrity": "sha512-FFUtZMpoZ8RqHS3XeXEmHWLA4thH+ZxCv2lOiPIn1Xc7CxrqhWzNSDzD+/chS/zbYezmiwWLdQC09JdQKmthOw==",
            "dev": true,
            "license": "BlueOak-1.0.0",
            "engines": {
                "node": ">=20"
            }
        },
        "node_modules/minipass": {
            "version": "7.1.3",
            "resolved": "https://registry.npmjs.org/minipass/-/minipass-7.1.3.tgz",
            "integrity": "sha512-tEBHqDnIoM/1rXME1zgka9g6Q2lcoCkxHLuc7ODJ5BxbP5d4c2Z5cGgtXAku59200Cx7diuHTOYfSBD8n6mm8A==",
            "dev": true,
            "license": "BlueOak-1.0.0",
            "engines": {
                "node": ">=16 || 14 >=14.17"
            }
        },
        "node_modules/minizlib": {
            "version": "3.1.0",
            "resolved": "https://registry.npmjs.org/minizlib/-/minizlib-3.1.0.tgz",
            "integrity": "sha512-KZxYo1BUkWD2TVFLr0MQoM8vUUigWD3LlD83a/75BqC+4qE0Hb1Vo5v1FgcfaNXvfXzr+5EhQ6ing/CaBijTlw==",
            "dev": true,
            "license": "MIT",
            "dependencies": {
                "minipass": "^7.1.2"
            },
            "engines": {
                "node": ">= 18"
            }
        },
        "node_modules/node-gyp": {
            "version": "12.4.0",
            "resolved": "https://registry.npmjs.org/node-gyp/-/node-gyp-12.4.0.tgz",
            "integrity": "sha512-OMcPNvqTCFUnNaBlmdgq+lfNqY7gTiSmNRDjY3uAXRyudeKZEZxu3CLtjMQrx4zZxCX2b/mpNqTtwuCJgXhHkw==",
            "dev": true,
            "license": "MIT",
            "dependencies": {
                "env-paths": "^2.2.0",
                "exponential-backoff": "^3.1.1",
                "graceful-fs": "^4.2.6",
                "nopt": "^9.0.0",
                "proc-log": "^6.0.0",
                "semver": "^7.3.5",
                "tar": "^7.5.4",
                "tinyglobby": "^0.2.12",
                "undici": "^6.25.0",
                "which": "^6.0.0"
            },
            "bin": {
                "node-gyp": "bin/node-gyp.js"
            },
            "engines": {
                "node": "^20.17.0 || >=22.9.0"
            }
        },
        "node_modules/nopt": {
            "version": "9.0.0",
            "resolved": "https://registry.npmjs.org/nopt/-/nopt-9.0.0.tgz",
            "integrity": "sha512-Zhq3a+yFKrYwSBluL4H9XP3m3y5uvQkB/09CwDruCiRmR/UJYnn9W4R48ry0uGC70aeTPKLynBtscP9efFFcPw==",
            "dev": true,
            "license": "ISC",
            "dependencies": {
                "abbrev": "^4.0.0"
            },
            "bin": {
                "nopt": "bin/nopt.js"
            },
            "engines": {
                "node": "^20.17.0 || >=22.9.0"
            }
        },
        "node_modules/picomatch": {
            "version": "4.0.5",
            "resolved": "https://registry.npmjs.org/picomatch/-/picomatch-4.0.5.tgz",
            "integrity": "sha512-RvwwcruNjI1ncT5xRakeyS9Lf8lcItv34KD+aif+VH9kduAyfYBipGh12274xtenIPZ119/R9BdTBa8gAwSh0A==",
            "dev": true,
            "license": "MIT",
            "engines": {
                "node": ">=12"
            },
            "funding": {
                "url": "https://github.com/sponsors/jonschlinkert"
            }
        },
        "node_modules/pnpm": {
            "version": "11.12.0",
            "resolved": "https://registry.npmjs.org/pnpm/-/pnpm-11.12.0.tgz",
            "integrity": "sha512-ggpvvQ2fBMImY4ACrq0eRTQKkTndXcB3wdg+9EqiSByOtmN7TJqmlqPH41uoGOSc8nIT5fK5ETjQm3o+JuiYug==",
            "dev": true,
            "license": "MIT",
            "dependencies": {
                "@reflink/reflink": "0.1.19",
                "node-gyp": "^12.3.0",
                "v8-compile-cache": "2.4.0"
            },
            "bin": {
                "pn": "bin/pnpm.mjs",
                "pnpm": "bin/pnpm.mjs",
                "pnpx": "bin/pnpx.mjs",
                "pnx": "bin/pnpx.mjs"
            },
            "engines": {
                "node": ">=22.13"
            },
            "funding": {
                "url": "https://opencollective.com/pnpm"
            }
        },
        "node_modules/proc-log": {
            "version": "6.1.0",
            "resolved": "https://registry.npmjs.org/proc-log/-/proc-log-6.1.0.tgz",
            "integrity": "sha512-iG+GYldRf2BQ0UDUAd6JQ/RwzaQy6mXmsk/IzlYyal4A4SNFw54MeH4/tLkF4I5WoWG9SQwuqWzS99jaFQHBuQ==",
            "dev": true,
            "license": "ISC",
            "engines": {
                "node": "^20.17.0 || >=22.9.0"
            }
        },
        "node_modules/rxjs": {
            "version": "7.8.2",
            "resolved": "https://registry.npmjs.org/rxjs/-/rxjs-7.8.2.tgz",
            "integrity": "sha512-dhKf903U/PQZY6boNNtAGdWbG85WAbjT/1xYoZIC7FAY0yWapOBQVsVrDl58W86//e1VpMNBtRV4MaXfdMySFA==",
            "dev": true,
            "license": "Apache-2.0",
            "dependencies": {
                "tslib": "^2.1.0"
            }
        },
        "node_modules/semver": {
            "version": "7.8.5",
            "resolved": "https://registry.npmjs.org/semver/-/semver-7.8.5.tgz",
            "integrity": "sha512-Y7/KDsb8LjooZpwaqGyulO6DQlksgCncchHGk+sZIY4SBvUocMBEFH5Ur1fI4dV+Jvl0w6cjvucaIi40puRioA==",
            "dev": true,
            "license": "ISC",
            "bin": {
                "semver": "bin/semver.js"
            },
            "engines": {
                "node": ">=10"
            }
        },
        "node_modules/shell-quote": {
            "version": "1.8.4",
            "resolved": "https://registry.npmjs.org/shell-quote/-/shell-quote-1.8.4.tgz",
            "integrity": "sha512-VsC6n6vz1ihYYyZZwX7YZSF5l5x36ca17OC+a69h94YqB7X6XLwf+5MOgynYir2SLFUbl8gIYvBo8K8RoNQ6bQ==",
            "dev": true,
            "license": "MIT",
            "engines": {
                "node": ">= 0.4"
            },
            "funding": {
                "url": "https://github.com/sponsors/ljharb"
            }
        },
        "node_modules/string-width": {
            "version": "7.2.0",
            "resolved": "https://registry.npmjs.org/string-width/-/string-width-7.2.0.tgz",
            "integrity": "sha512-tsaTIkKW9b4N+AEj+SVA+WhJzV7/zMhcSu78mLKWSk7cXMOSHsBKFWUs0fWwq8QyK3MgJBQRX6Gbi4kYbdvGkQ==",
            "dev": true,
            "license": "MIT",
            "dependencies": {
                "emoji-regex": "^10.3.0",
                "get-east-asian-width": "^1.0.0",
                "strip-ansi": "^7.1.0"
            },
            "engines": {
                "node": ">=18"
            },
            "funding": {
                "url": "https://github.com/sponsors/sindresorhus"
            }
        },
        "node_modules/strip-ansi": {
            "version": "7.2.0",
            "resolved": "https://registry.npmjs.org/strip-ansi/-/strip-ansi-7.2.0.tgz",
            "integrity": "sha512-yDPMNjp4WyfYBkHnjIRLfca1i6KMyGCtsVgoKe/z1+6vukgaENdgGBZt+ZmKPc4gavvEZ5OgHfHdrazhgNyG7w==",
            "dev": true,
            "license": "MIT",
            "dependencies": {
                "ansi-regex": "^6.2.2"
            },
            "engines": {
                "node": ">=12"
            },
            "funding": {
                "url": "https://github.com/chalk/strip-ansi?sponsor=1"
            }
        },
        "node_modules/supports-color": {
            "version": "10.2.2",
            "resolved": "https://registry.npmjs.org/supports-color/-/supports-color-10.2.2.tgz",
            "integrity": "sha512-SS+jx45GF1QjgEXQx4NJZV9ImqmO2NPz5FNsIHrsDjh2YsHnawpan7SNQ1o8NuhrbHZy9AZhIoCUiCeaW/C80g==",
            "dev": true,
            "license": "MIT",
            "engines": {
                "node": ">=18"
            },
            "funding": {
                "url": "https://github.com/chalk/supports-color?sponsor=1"
            }
        },
        "node_modules/tar": {
            "version": "7.5.19",
            "resolved": "https://registry.npmjs.org/tar/-/tar-7.5.19.tgz",
            "integrity": "sha512-4LeEWl96twnS2Q7Bz4MGqgazLqO+hJN63GZxXoIqh1T3VweYD997gbU1ItNsQafqqXTXd5WFyFdReLtwvRBNiw==",
            "dev": true,
            "license": "BlueOak-1.0.0",
            "dependencies": {
                "@isaacs/fs-minipass": "^4.0.0",
                "chownr": "^3.0.0",
                "minipass": "^7.1.2",
                "minizlib": "^3.1.0",
                "yallist": "^5.0.0"
            },
            "engines": {
                "node": ">=18"
            }
        },
        "node_modules/tinyglobby": {
            "version": "0.2.17",
            "resolved": "https://registry.npmjs.org/tinyglobby/-/tinyglobby-0.2.17.tgz",
            "integrity": "sha512-wXR/dYpcqKmfWpEdZjiKJOwCNFndD0DMnrW/cYjVGttEkBfVgcLFHoNrlj47mjOVic9yyNu65alsgF4NQyTa2g==",
            "dev": true,
            "license": "MIT",
            "dependencies": {
                "fdir": "^6.5.0",
                "picomatch": "^4.0.4"
            },
            "engines": {
                "node": ">=12.0.0"
            },
            "funding": {
                "url": "https://github.com/sponsors/SuperchupuDev"
            }
        },
        "node_modules/tree-kill": {
            "version": "1.2.2",
            "resolved": "https://registry.npmjs.org/tree-kill/-/tree-kill-1.2.2.tgz",
            "integrity": "sha512-L0Orpi8qGpRG//Nd+H90vFB+3iHnue1zSSGmNOOCh1GLJ7rUKVwV2HvijphGQS2UmhUZewS9VgvxYIdgr+fG1A==",
            "dev": true,
            "license": "MIT",
            "bin": {
                "tree-kill": "cli.js"
            }
        },
        "node_modules/tslib": {
            "version": "2.8.1",
            "resolved": "https://registry.npmjs.org/tslib/-/tslib-2.8.1.tgz",
            "integrity": "sha512-oJFu94HQb+KVduSUQL7wnpmqnfmLsOA/nAh6b6EH0wCEoK0/mPeXU6c3wKDV83MkOuHPRHtSXKKU99IBazS/2w==",
            "dev": true,
            "license": "0BSD"
        },
        "node_modules/undici": {
            "version": "6.27.0",
            "resolved": "https://registry.npmjs.org/undici/-/undici-6.27.0.tgz",
            "integrity": "sha512-YmfV3YnEDzXRC5lZ2jWtWWHKGUm1zIt8AhesR1tens+HTNv+YZlN/dp6G727LOvMJ8xjP9Be7Y2Sdr96LDm+pg==",
            "dev": true,
            "license": "MIT",
            "engines": {
                "node": ">=18.17"
            }
        },
        "node_modules/v8-compile-cache": {
            "version": "2.4.0",
            "resolved": "https://registry.npmjs.org/v8-compile-cache/-/v8-compile-cache-2.4.0.tgz",
            "integrity": "sha512-ocyWc3bAHBB/guyqJQVI5o4BZkPhznPYUG2ea80Gond/BgNWpap8TOmLSeeQG7bnh2KMISxskdADG59j7zruhw==",
            "dev": true,
            "license": "MIT"
        },
        "node_modules/which": {
            "version": "6.0.1",
            "resolved": "https://registry.npmjs.org/which/-/which-6.0.1.tgz",
            "integrity": "sha512-oGLe46MIrCRqX7ytPUf66EAYvdeMIZYn3WaocqqKZAxrBpkqHfL/qvTyJ/bTk5+AqHCjXmrv3CEWgy368zhRUg==",
            "dev": true,
            "license": "ISC",
            "dependencies": {
                "isexe": "^4.0.0"
            },
            "bin": {
                "node-which": "bin/which.js"
            },
            "engines": {
                "node": "^20.17.0 || >=22.9.0"
            }
        },
        "node_modules/wrap-ansi": {
            "version": "9.0.2",
            "resolved": "https://registry.npmjs.org/wrap-ansi/-/wrap-ansi-9.0.2.tgz",
            "integrity": "sha512-42AtmgqjV+X1VpdOfyTGOYRi0/zsoLqtXQckTmqTeybT+BDIbM/Guxo7x3pE2vtpr1ok6xRqM9OpBe+Jyoqyww==",
            "dev": true,
            "license": "MIT",
            "dependencies": {
                "ansi-styles": "^6.2.1",
                "string-width": "^7.0.0",
                "strip-ansi": "^7.1.0"
            },
            "engines": {
                "node": ">=18"
            },
            "funding": {
                "url": "https://github.com/chalk/wrap-ansi?sponsor=1"
            }
        },
        "node_modules/y18n": {
            "version": "5.0.8",
            "resolved": "https://registry.npmjs.org/y18n/-/y18n-5.0.8.tgz",
            "integrity": "sha512-0pfFzegeDWJHJIAmTLRP2DwHjdF5s7jo9tuztdQxAhINCdvS+3nGINqPd00AphqJR/0LhANUS6/+7SCb98YOfA==",
            "dev": true,
            "license": "ISC",
            "engines": {
                "node": ">=10"
            }
        },
        "node_modules/yallist": {
            "version": "5.0.0",
            "resolved": "https://registry.npmjs.org/yallist/-/yallist-5.0.0.tgz",
            "integrity": "sha512-YgvUTfwqyc7UXVMrB+SImsVYSmTS8X/tSrtdNZMImM+n7+QTriRXyXim0mBrTXNeqzVF0KWGgHPeiyViFFrNDw==",
            "dev": true,
            "license": "BlueOak-1.0.0",
            "engines": {
                "node": ">=18"
            }
        },
        "node_modules/yargs": {
            "version": "18.0.0",
            "resolved": "https://registry.npmjs.org/yargs/-/yargs-18.0.0.tgz",
            "integrity": "sha512-4UEqdc2RYGHZc7Doyqkrqiln3p9X2DZVxaGbwhn2pi7MrRagKaOcIKe8L3OxYcbhXLgLFUS3zAYuQjKBQgmuNg==",
            "dev": true,
            "license": "MIT",
            "dependencies": {
                "cliui": "^9.0.1",
                "escalade": "^3.1.1",
                "get-caller-file": "^2.0.5",
                "string-width": "^7.2.0",
                "y18n": "^5.0.5",
                "yargs-parser": "^22.0.0"
            },
            "engines": {
                "node": "^20.19.0 || ^22.12.0 || >=23"
            }
        },
        "node_modules/yargs-parser": {
            "version": "22.0.0",
            "resolved": "https://registry.npmjs.org/yargs-parser/-/yargs-parser-22.0.0.tgz",
            "integrity": "sha512-rwu/ClNdSMpkSrUb+d6BRsSkLUq1fmfsY6TOpYzTwvwkg1/NRG85KBy3kq++A8LKQwX6lsu+aWad+2khvuXrqw==",
            "dev": true,
            "license": "ISC",
            "engines": {
                "node": "^20.19.0 || ^22.12.0 || >=23"
            }
        }
    }
}
